Microsoft Visual Studio Solution File, Format Version 9.00
# Visual Studio 2005
Project("{FAE04EC0-301F-11D3-BF4B-00C04F79EFBC}") = "ImportWizard", "Idera\SQLdm\ImportWizard\ImportWizard.csproj", "{B94F4D0B-7C24-465C-9C97-8D7EE18B79CD}"
EndProject
Project("{FAE04EC0-301F-11D3-BF4B-00C04F79EFBC}") = "Idera.SQLdm.Common", "Idera\SQLdm\Common\Idera.SQLdm.Common.csproj", "{DC3D7464-76DF-4212-AE5C-9AF39E856CA6}"
EndProject
Project("{FAE04EC0-301F-11D3-BF4B-00C04F79EFBC}") = "Idera.SQLdm.Common.UI", "Idera\SQLdm\Common\UI\Idera.SQLdm.Common.UI.csproj", "{671D7848-27FD-42F3-9B84-D3832D0070C5}"
EndProject
Project("{8BC9CEB8-8B4A-11D0-8D11-00A0C91BC942}") = "Idera.SQLdm.Common.Messages", "Idera\SQLdm\Common\Messages\Idera.SQLdm.Common.Messages.vcproj", "{FAC83EB7-75C5-4B92-A9F5-3FC8D24FCEC8}"
EndProject
Global
	GlobalSection(SourceCodeControl) = preSolution
		SccNumberOfProjects = 5
		SccProjectName0 = ImportWizard
		SccLocalPath0 = .
		SccProvider0 = MSSCCI:Perforce\u0020SCM
		SccProjectUniqueName1 = Idera\\SQLdm\\ImportWizard\\ImportWizard.csproj
		SccProjectName1 = Perforce\u0020Project
		SccLocalPath1 = Idera\\SQLdm
		SccProjectFilePathRelativizedFromConnection1 = ImportWizard\\
		SccProjectUniqueName2 = Idera\\SQLdm\\Common\\Idera.SQLdm.Common.csproj
		SccProjectName2 = Perforce\u0020Project
		SccLocalPath2 = .
		SccProjectFilePathRelativizedFromConnection2 = Idera\\SQLdm\\Common\\
		SccProjectUniqueName3 = Idera\\SQLdm\\Common\\UI\\Idera.SQLdm.Common.UI.csproj
		SccProjectName3 = Perforce\u0020Project
		SccLocalPath3 = .
		SccProjectFilePathRelativizedFromConnection3 = Idera\\SQLdm\\Common\\UI\\
		SccProjectUniqueName4 = Idera\\SQLdm\\Common\\Messages\\Idera.SQLdm.Common.Messages.vcproj
		SccProjectName4 = Perforce\u0020Project
		SccLocalPath4 = Idera\\SQLdm\\Common
		SccProjectFilePathRelativizedFromConnection4 = Messages\\
	EndGlobalSection
	GlobalSection(SolutionConfigurationPlatforms) = preSolution
		Debug|Any CPU = Debug|Any CPU
		Debug|Itanium = Debug|Itanium
		Debug|Mixed Platforms = Debug|Mixed Platforms
		Debug|Win32 = Debug|Win32
		Debug|x64 = Debug|x64
		Release|Any CPU = Release|Any CPU
		Release|Itanium = Release|Itanium
		Release|Mixed Platforms = Release|Mixed Platforms
		Release|Win32 = Release|Win32
		Release|x64 = Release|x64
	EndGlobalSection
	GlobalSection(ProjectConfigurationPlatforms) = postSolution
		{B94F4D0B-7C24-465C-9C97-8D7EE18B79CD}.Debug|Any CPU.ActiveCfg = Debug|Any CPU
		{B94F4D0B-7C24-465C-9C97-8D7EE18B79CD}.Debug|Any CPU.Build.0 = Debug|Any CPU
		{B94F4D0B-7C24-465C-9C97-8D7EE18B79CD}.Debug|Itanium.ActiveCfg = Debug|Any CPU
		{B94F4D0B-7C24-465C-9C97-8D7EE18B79CD}.Debug|Mixed Platforms.ActiveCfg = Debug|Any CPU
		{B94F4D0B-7C24-465C-9C97-8D7EE18B79CD}.Debug|Mixed Platforms.Build.0 = Debug|Any CPU
		{B94F4D0B-7C24-465C-9C97-8D7EE18B79CD}.Debug|Win32.ActiveCfg = Debug|Any CPU
		{B94F4D0B-7C24-465C-9C97-8D7EE18B79CD}.Debug|x64.ActiveCfg = Debug|Any CPU
		{B94F4D0B-7C24-465C-9C97-8D7EE18B79CD}.Release|Any CPU.ActiveCfg = Release|Any CPU
		{B94F4D0B-7C24-465C-9C97-8D7EE18B79CD}.Release|Any CPU.Build.0 = Release|Any CPU
		{B94F4D0B-7C24-465C-9C97-8D7EE18B79CD}.Release|Itanium.ActiveCfg = Release|Any CPU
		{B94F4D0B-7C24-465C-9C97-8D7EE18B79CD}.Release|Mixed Platforms.ActiveCfg = Release|Any CPU
		{B94F4D0B-7C24-465C-9C97-8D7EE18B79CD}.Release|Mixed Platforms.Build.0 = Release|Any CPU
		{B94F4D0B-7C24-465C-9C97-8D7EE18B79CD}.Release|Win32.ActiveCfg = Release|Any CPU
		{B94F4D0B-7C24-465C-9C97-8D7EE18B79CD}.Release|x64.ActiveCfg = Release|Any CPU
		{DC3D7464-76DF-4212-AE5C-9AF39E856CA6}.Debug|Any CPU.ActiveCfg = Debug|Any CPU
		{DC3D7464-76DF-4212-AE5C-9AF39E856CA6}.Debug|Any CPU.Build.0 = Debug|Any CPU
		{DC3D7464-76DF-4212-AE5C-9AF39E856CA6}.Debug|Itanium.ActiveCfg = Debug|Any CPU
		{DC3D7464-76DF-4212-AE5C-9AF39E856CA6}.Debug|Mixed Platforms.ActiveCfg = Debug|Any CPU
		{DC3D7464-76DF-4212-AE5C-9AF39E856CA6}.Debug|Mixed Platforms.Build.0 = Debug|Any CPU
		{DC3D7464-76DF-4212-AE5C-9AF39E856CA6}.Debug|Win32.ActiveCfg = Debug|Any CPU
		{DC3D7464-76DF-4212-AE5C-9AF39E856CA6}.Debug|x64.ActiveCfg = Debug|Any CPU
		{DC3D7464-76DF-4212-AE5C-9AF39E856CA6}.Release|Any CPU.ActiveCfg = Release|Any CPU
		{DC3D7464-76DF-4212-AE5C-9AF39E856CA6}.Release|Any CPU.Build.0 = Release|Any CPU
		{DC3D7464-76DF-4212-AE5C-9AF39E856CA6}.Release|Itanium.ActiveCfg = Release|Any CPU
		{DC3D7464-76DF-4212-AE5C-9AF39E856CA6}.Release|Mixed Platforms.ActiveCfg = Release|Any CPU
		{DC3D7464-76DF-4212-AE5C-9AF39E856CA6}.Release|Mixed Platforms.Build.0 = Release|Any CPU
		{DC3D7464-76DF-4212-AE5C-9AF39E856CA6}.Release|Win32.ActiveCfg = Release|Any CPU
		{DC3D7464-76DF-4212-AE5C-9AF39E856CA6}.Release|x64.ActiveCfg = Release|Any CPU
		{671D7848-27FD-42F3-9B84-D3832D0070C5}.Debug|Any CPU.ActiveCfg = Debug|Any CPU
		{671D7848-27FD-42F3-9B84-D3832D0070C5}.Debug|Any CPU.Build.0 = Debug|Any CPU
		{671D7848-27FD-42F3-9B84-D3832D0070C5}.Debug|Itanium.ActiveCfg = Debug|Any CPU
		{671D7848-27FD-42F3-9B84-D3832D0070C5}.Debug|Mixed Platforms.ActiveCfg = Debug|Any CPU
		{671D7848-27FD-42F3-9B84-D3832D0070C5}.Debug|Mixed Platforms.Build.0 = Debug|Any CPU
		{671D7848-27FD-42F3-9B84-D3832D0070C5}.Debug|Win32.ActiveCfg = Debug|Any CPU
		{671D7848-27FD-42F3-9B84-D3832D0070C5}.Debug|x64.ActiveCfg = Debug|Any CPU
		{671D7848-27FD-42F3-9B84-D3832D0070C5}.Release|Any CPU.ActiveCfg = Release|Any CPU
		{671D7848-27FD-42F3-9B84-D3832D0070C5}.Release|Any CPU.Build.0 = Release|Any CPU
		{671D7848-27FD-42F3-9B84-D3832D0070C5}.Release|Itanium.ActiveCfg = Release|Any CPU
		{671D7848-27FD-42F3-9B84-D3832D0070C5}.Release|Mixed Platforms.ActiveCfg = Release|Any CPU
		{671D7848-27FD-42F3-9B84-D3832D0070C5}.Release|Mixed Platforms.Build.0 = Release|Any CPU
		{671D7848-27FD-42F3-9B84-D3832D0070C5}.Release|Win32.ActiveCfg = Release|Any CPU
		{671D7848-27FD-42F3-9B84-D3832D0070C5}.Release|x64.ActiveCfg = Release|Any CPU
		{FAC83EB7-75C5-4B92-A9F5-3FC8D24FCEC8}.Debug|Any CPU.ActiveCfg = Debug|Itanium
		{FAC83EB7-75C5-4B92-A9F5-3FC8D24FCEC8}.Debug|Itanium.ActiveCfg = Debug|Itanium
		{FAC83EB7-75C5-4B92-A9F5-3FC8D24FCEC8}.Debug|Itanium.Build.0 = Debug|Itanium
		{FAC83EB7-75C5-4B92-A9F5-3FC8D24FCEC8}.Debug|Mixed Platforms.ActiveCfg = Debug|Win32
		{FAC83EB7-75C5-4B92-A9F5-3FC8D24FCEC8}.Debug|Mixed Platforms.Build.0 = Debug|Win32
		{FAC83EB7-75C5-4B92-A9F5-3FC8D24FCEC8}.Debug|Win32.ActiveCfg = Debug|Win32
		{FAC83EB7-75C5-4B92-A9F5-3FC8D24FCEC8}.Debug|Win32.Build.0 = Debug|Win32
		{FAC83EB7-75C5-4B92-A9F5-3FC8D24FCEC8}.Debug|x64.ActiveCfg = Debug|x64
		{FAC83EB7-75C5-4B92-A9F5-3FC8D24FCEC8}.Debug|x64.Build.0 = Debug|x64
		{FAC83EB7-75C5-4B92-A9F5-3FC8D24FCEC8}.Release|Any CPU.ActiveCfg = Release|Itanium
		{FAC83EB7-75C5-4B92-A9F5-3FC8D24FCEC8}.Release|Itanium.ActiveCfg = Release|Itanium
		{FAC83EB7-75C5-4B92-A9F5-3FC8D24FCEC8}.Release|Itanium.Build.0 = Release|Itanium
		{FAC83EB7-75C5-4B92-A9F5-3FC8D24FCEC8}.Release|Mixed Platforms.ActiveCfg = Release|Win32
		{FAC83EB7-75C5-4B92-A9F5-3FC8D24FCEC8}.Release|Mixed Platforms.Build.0 = Release|Win32
		{FAC83EB7-75C5-4B92-A9F5-3FC8D24FCEC8}.Release|Win32.ActiveCfg = Release|Win32
		{FAC83EB7-75C5-4B92-A9F5-3FC8D24FCEC8}.Release|Win32.Build.0 = Release|Win32
		{FAC83EB7-75C5-4B92-A9F5-3FC8D24FCEC8}.Release|x64.ActiveCfg = Release|x64
		{FAC83EB7-75C5-4B92-A9F5-3FC8D24FCEC8}.Release|x64.Build.0 = Release|x64
	EndGlobalSection
	GlobalSection(SolutionProperties) = preSolution
		HideSolutionNode = FALSE
	EndGlobalSection
EndGlobal
