
Microsoft Visual Studio Solution File, Format Version 12.00
# Visual Studio Version 16
VisualStudioVersion = 16.0.29411.108
MinimumVisualStudioVersion = 10.0.40219.1
Project("{FAE04EC0-301F-11D3-BF4B-00C04F79EFBC}") = "Idera.SQLdm.Common", "Idera\SQLdm\Common\Idera.SQLdm.Common.csproj", "{DC3D7464-76DF-4212-AE5C-9AF39E856CA6}"
EndProject
Project("{FAE04EC0-301F-11D3-BF4B-00C04F79EFBC}") = "Idera.SQLdm.Common.UI", "Idera\SQLdm\Common\UI\Idera.SQLdm.Common.UI.csproj", "{671D7848-27FD-42F3-9B84-D3832D0070C5}"
EndProject
Project("{FAE04EC0-301F-11D3-BF4B-00C04F79EFBC}") = "Idera.SQLdm.CollectionService", "Idera\SQLdm\CollectionService\Idera.SQLdm.CollectionService.csproj", "{587B665C-33CF-49C7-96E2-16FF31CBD23C}"
	ProjectSection(ProjectDependencies) = postProject
		{877819E3-B5EE-4592-BCB0-5A113D3EC9A7} = {877819E3-B5EE-4592-BCB0-5A113D3EC9A7}
	EndProjectSection
EndProject
Project("{FAE04EC0-301F-11D3-BF4B-00C04F79EFBC}") = "Idera.SQLdm.DesktopClient", "Idera\SQLdm\DesktopClient\Idera.SQLdm.DesktopClient.csproj", "{98EBAAD4-7B70-45B8-A5EA-FD48A1DD62BD}"
EndProject
Project("{FAE04EC0-301F-11D3-BF4B-00C04F79EFBC}") = "Idera.SQLdm.ManagementService", "Idera\SQLdm\ManagementService\Idera.SQLdm.ManagementService.csproj", "{5FD22794-3FF1-406E-AA52-C2A574C6C97E}"
EndProject
Project("{FAE04EC0-301F-11D3-BF4B-00C04F79EFBC}") = "ManagementServiceConsole", "Idera\SQLdm\ManagementService\UI\ManagementServiceConsole.csproj", "{3DBA0CA8-521F-45D4-8DC5-1B658026331C}"
EndProject
Project("{FAE04EC0-301F-11D3-BF4B-00C04F79EFBC}") = "Idera.SQLdm.PowerShell", "Idera\SQLdm\PowerShell\Idera.SQLdm.PowerShell.csproj", "{E3D4ADDB-B8ED-42B1-9831-6A360775FCA7}"
EndProject
Project("{FAE04EC0-301F-11D3-BF4B-00C04F79EFBC}") = "PredictiveAnalyticsService", "Idera\SQLdm\PredictiveAnalyticsService\PredictiveAnalyticsService.csproj", "{30566603-233C-4067-93C3-9DE2EC5934A3}"
EndProject
Project("{FAE04EC0-301F-11D3-BF4B-00C04F79EFBC}") = "Idera.SQLdm.CollectionService.Resources", "Idera\SQLdm\CollectionService\Resources\Idera.SQLdm.CollectionService.Resources.csproj", "{877819E3-B5EE-4592-BCB0-5A113D3EC9A7}"
EndProject
Project("{FAE04EC0-301F-11D3-BF4B-00C04F79EFBC}") = "Idera.SQLdm.Desktop.Test", "Idera\SQLdm\Tests\Idera.SQLdm.Desktop.Test\Idera.SQLdm.Desktop.Test.csproj", "{A02BC704-C607-4E2C-92C7-9E575E80709C}"
EndProject
Project("{FAE04EC0-301F-11D3-BF4B-00C04F79EFBC}") = "Idera.SQLdm.Service", "Idera\SQLdm\Service\Idera.SQLdm.Service.csproj", "{2A7FC31F-CA6D-400C-B56D-657535DE85C3}"
EndProject
Project("{FAE04EC0-301F-11D3-BF4B-00C04F79EFBC}") = "Idera.SQLdm.Service.Test", "Idera\SQLdm\Tests\Idera.SQLdm.Service.Test\Idera.SQLdm.Service.Test.csproj", "{45C7B40F-25FF-499E-90AE-C22DB5990FBD}"
EndProject
Project("{8BC9CEB8-8B4A-11D0-8D11-00A0C91BC942}") = "Idera.SQLdm.Common.Messages", "Idera\SQLdm\Common\Messages\Idera.SQLdm.Common.Messages.vcxproj", "{FAC83EB7-75C5-4B92-A9F5-3FC8D24FCEC8}"
EndProject
Project("{FAE04EC0-301F-11D3-BF4B-00C04F79EFBC}") = "Idera.SQLdm.CoreServiceTest", "Idera\SQLdm\CoreServiceTest\Idera.SQLdm.CoreServiceTest.csproj", "{286C9DD0-0B74-47BE-8531-D1F18B2B43AB}"
EndProject
Project("{FAE04EC0-301F-11D3-BF4B-00C04F79EFBC}") = "Idera.SQLdm.Service.Runner", "Idera\SQLdm\ServiceRunner\Idera.SQLdm.Service.Runner.csproj", "{B45FB8BD-2BF6-4EE3-BF84-3EBA3A8AE943}"
EndProject
Project("{FAE04EC0-301F-11D3-BF4B-00C04F79EFBC}") = "Idera.SQLdm.CWFRegister", "Idera\SQLdm\CWFRegister\Idera.SQLdm.CWFRegister.csproj", "{7405CB2C-31B8-4642-8F02-B092FF9DA05C}"
EndProject
Project("{FAE04EC0-301F-11D3-BF4B-00C04F79EFBC}") = "Idera.SQLdm.RegistrationService", "Idera\SQLdm\RegistrationService\Idera.SQLdm.RegistrationService.csproj", "{0051D7ED-DE72-46D3-AE44-97D566B1CA5A}"
EndProject
Project("{FAE04EC0-301F-11D3-BF4B-00C04F79EFBC}") = "Idera.SQLdm.Services.Common", "Idera\SQLdm\Services.Common\Idera.SQLdm.Services.Common.csproj", "{1A30F64D-06C7-4497-8E91-8A9A7BE377CE}"
EndProject
Global
	GlobalSection(SolutionConfigurationPlatforms) = preSolution
		Debug|Any CPU = Debug|Any CPU
		Debug|Itanium = Debug|Itanium
		Debug|Mixed Platforms = Debug|Mixed Platforms
		Debug|Win32 = Debug|Win32
		Debug|x64 = Debug|x64
		Debug|x86 = Debug|x86
		Release|Any CPU = Release|Any CPU
		Release|Itanium = Release|Itanium
		Release|Mixed Platforms = Release|Mixed Platforms
		Release|Win32 = Release|Win32
		Release|x64 = Release|x64
		Release|x86 = Release|x86
	EndGlobalSection
	GlobalSection(ProjectConfigurationPlatforms) = postSolution
		{DC3D7464-76DF-4212-AE5C-9AF39E856CA6}.Debug|Any CPU.ActiveCfg = Debug|Any CPU
		{DC3D7464-76DF-4212-AE5C-9AF39E856CA6}.Debug|Any CPU.Build.0 = Debug|Any CPU
		{DC3D7464-76DF-4212-AE5C-9AF39E856CA6}.Debug|Itanium.ActiveCfg = Debug|Any CPU
		{DC3D7464-76DF-4212-AE5C-9AF39E856CA6}.Debug|Mixed Platforms.ActiveCfg = Debug|Any CPU
		{DC3D7464-76DF-4212-AE5C-9AF39E856CA6}.Debug|Mixed Platforms.Build.0 = Debug|Any CPU
		{DC3D7464-76DF-4212-AE5C-9AF39E856CA6}.Debug|Win32.ActiveCfg = Debug|Any CPU
		{DC3D7464-76DF-4212-AE5C-9AF39E856CA6}.Debug|x64.ActiveCfg = Debug|Any CPU
		{DC3D7464-76DF-4212-AE5C-9AF39E856CA6}.Debug|x64.Build.0 = Debug|Any CPU
		{DC3D7464-76DF-4212-AE5C-9AF39E856CA6}.Debug|x86.ActiveCfg = Debug|Any CPU
		{DC3D7464-76DF-4212-AE5C-9AF39E856CA6}.Release|Any CPU.ActiveCfg = Release|Any CPU
		{DC3D7464-76DF-4212-AE5C-9AF39E856CA6}.Release|Any CPU.Build.0 = Release|Any CPU
		{DC3D7464-76DF-4212-AE5C-9AF39E856CA6}.Release|Itanium.ActiveCfg = Release|Any CPU
		{DC3D7464-76DF-4212-AE5C-9AF39E856CA6}.Release|Mixed Platforms.ActiveCfg = Release|Any CPU
		{DC3D7464-76DF-4212-AE5C-9AF39E856CA6}.Release|Mixed Platforms.Build.0 = Release|Any CPU
		{DC3D7464-76DF-4212-AE5C-9AF39E856CA6}.Release|Win32.ActiveCfg = Release|Any CPU
		{DC3D7464-76DF-4212-AE5C-9AF39E856CA6}.Release|x64.ActiveCfg = Release|Any CPU
		{DC3D7464-76DF-4212-AE5C-9AF39E856CA6}.Release|x86.ActiveCfg = Release|Any CPU
		{671D7848-27FD-42F3-9B84-D3832D0070C5}.Debug|Any CPU.ActiveCfg = Debug|Any CPU
		{671D7848-27FD-42F3-9B84-D3832D0070C5}.Debug|Any CPU.Build.0 = Debug|Any CPU
		{671D7848-27FD-42F3-9B84-D3832D0070C5}.Debug|Itanium.ActiveCfg = Debug|Any CPU
		{671D7848-27FD-42F3-9B84-D3832D0070C5}.Debug|Mixed Platforms.ActiveCfg = Debug|Any CPU
		{671D7848-27FD-42F3-9B84-D3832D0070C5}.Debug|Mixed Platforms.Build.0 = Debug|Any CPU
		{671D7848-27FD-42F3-9B84-D3832D0070C5}.Debug|Win32.ActiveCfg = Debug|Any CPU
		{671D7848-27FD-42F3-9B84-D3832D0070C5}.Debug|x64.ActiveCfg = Debug|Any CPU
		{671D7848-27FD-42F3-9B84-D3832D0070C5}.Debug|x64.Build.0 = Debug|Any CPU
		{671D7848-27FD-42F3-9B84-D3832D0070C5}.Debug|x86.ActiveCfg = Debug|Any CPU
		{671D7848-27FD-42F3-9B84-D3832D0070C5}.Release|Any CPU.ActiveCfg = Release|Any CPU
		{671D7848-27FD-42F3-9B84-D3832D0070C5}.Release|Any CPU.Build.0 = Release|Any CPU
		{671D7848-27FD-42F3-9B84-D3832D0070C5}.Release|Itanium.ActiveCfg = Release|Any CPU
		{671D7848-27FD-42F3-9B84-D3832D0070C5}.Release|Mixed Platforms.ActiveCfg = Release|Any CPU
		{671D7848-27FD-42F3-9B84-D3832D0070C5}.Release|Mixed Platforms.Build.0 = Release|Any CPU
		{671D7848-27FD-42F3-9B84-D3832D0070C5}.Release|Win32.ActiveCfg = Release|Any CPU
		{671D7848-27FD-42F3-9B84-D3832D0070C5}.Release|x64.ActiveCfg = Release|Any CPU
		{671D7848-27FD-42F3-9B84-D3832D0070C5}.Release|x86.ActiveCfg = Release|Any CPU
		{587B665C-33CF-49C7-96E2-16FF31CBD23C}.Debug|Any CPU.ActiveCfg = Debug|Any CPU
		{587B665C-33CF-49C7-96E2-16FF31CBD23C}.Debug|Any CPU.Build.0 = Debug|Any CPU
		{587B665C-33CF-49C7-96E2-16FF31CBD23C}.Debug|Itanium.ActiveCfg = Debug|Any CPU
		{587B665C-33CF-49C7-96E2-16FF31CBD23C}.Debug|Mixed Platforms.ActiveCfg = Debug|Any CPU
		{587B665C-33CF-49C7-96E2-16FF31CBD23C}.Debug|Mixed Platforms.Build.0 = Debug|Any CPU
		{587B665C-33CF-49C7-96E2-16FF31CBD23C}.Debug|Win32.ActiveCfg = Debug|Any CPU
		{587B665C-33CF-49C7-96E2-16FF31CBD23C}.Debug|x64.ActiveCfg = Debug|Any CPU
		{587B665C-33CF-49C7-96E2-16FF31CBD23C}.Debug|x64.Build.0 = Debug|Any CPU
		{587B665C-33CF-49C7-96E2-16FF31CBD23C}.Debug|x86.ActiveCfg = Debug|Any CPU
		{587B665C-33CF-49C7-96E2-16FF31CBD23C}.Release|Any CPU.ActiveCfg = Release|Any CPU
		{587B665C-33CF-49C7-96E2-16FF31CBD23C}.Release|Any CPU.Build.0 = Release|Any CPU
		{587B665C-33CF-49C7-96E2-16FF31CBD23C}.Release|Itanium.ActiveCfg = Release|Any CPU
		{587B665C-33CF-49C7-96E2-16FF31CBD23C}.Release|Mixed Platforms.ActiveCfg = Release|Any CPU
		{587B665C-33CF-49C7-96E2-16FF31CBD23C}.Release|Mixed Platforms.Build.0 = Release|Any CPU
		{587B665C-33CF-49C7-96E2-16FF31CBD23C}.Release|Win32.ActiveCfg = Release|Any CPU
		{587B665C-33CF-49C7-96E2-16FF31CBD23C}.Release|x64.ActiveCfg = Release|Any CPU
		{587B665C-33CF-49C7-96E2-16FF31CBD23C}.Release|x86.ActiveCfg = Release|Any CPU
		{98EBAAD4-7B70-45B8-A5EA-FD48A1DD62BD}.Debug|Any CPU.ActiveCfg = Debug|Any CPU
		{98EBAAD4-7B70-45B8-A5EA-FD48A1DD62BD}.Debug|Any CPU.Build.0 = Debug|Any CPU
		{98EBAAD4-7B70-45B8-A5EA-FD48A1DD62BD}.Debug|Itanium.ActiveCfg = Debug|Any CPU
		{98EBAAD4-7B70-45B8-A5EA-FD48A1DD62BD}.Debug|Mixed Platforms.ActiveCfg = Debug|Any CPU
		{98EBAAD4-7B70-45B8-A5EA-FD48A1DD62BD}.Debug|Win32.ActiveCfg = Debug|Any CPU
		{98EBAAD4-7B70-45B8-A5EA-FD48A1DD62BD}.Debug|x64.ActiveCfg = Debug|Any CPU
		{98EBAAD4-7B70-45B8-A5EA-FD48A1DD62BD}.Debug|x64.Build.0 = Debug|Any CPU
		{98EBAAD4-7B70-45B8-A5EA-FD48A1DD62BD}.Debug|x86.ActiveCfg = Debug|Any CPU
		{98EBAAD4-7B70-45B8-A5EA-FD48A1DD62BD}.Release|Any CPU.ActiveCfg = Release|Any CPU
		{98EBAAD4-7B70-45B8-A5EA-FD48A1DD62BD}.Release|Any CPU.Build.0 = Release|Any CPU
		{98EBAAD4-7B70-45B8-A5EA-FD48A1DD62BD}.Release|Itanium.ActiveCfg = Release|Any CPU
		{98EBAAD4-7B70-45B8-A5EA-FD48A1DD62BD}.Release|Mixed Platforms.ActiveCfg = Release|Any CPU
		{98EBAAD4-7B70-45B8-A5EA-FD48A1DD62BD}.Release|Mixed Platforms.Build.0 = Release|Any CPU
		{98EBAAD4-7B70-45B8-A5EA-FD48A1DD62BD}.Release|Win32.ActiveCfg = Release|Any CPU
		{98EBAAD4-7B70-45B8-A5EA-FD48A1DD62BD}.Release|x64.ActiveCfg = Release|Any CPU
		{98EBAAD4-7B70-45B8-A5EA-FD48A1DD62BD}.Release|x86.ActiveCfg = Release|Any CPU
		{5FD22794-3FF1-406E-AA52-C2A574C6C97E}.Debug|Any CPU.ActiveCfg = Debug|Any CPU
		{5FD22794-3FF1-406E-AA52-C2A574C6C97E}.Debug|Any CPU.Build.0 = Debug|Any CPU
		{5FD22794-3FF1-406E-AA52-C2A574C6C97E}.Debug|Itanium.ActiveCfg = Debug|Any CPU
		{5FD22794-3FF1-406E-AA52-C2A574C6C97E}.Debug|Mixed Platforms.ActiveCfg = Debug|Any CPU
		{5FD22794-3FF1-406E-AA52-C2A574C6C97E}.Debug|Mixed Platforms.Build.0 = Debug|Any CPU
		{5FD22794-3FF1-406E-AA52-C2A574C6C97E}.Debug|Win32.ActiveCfg = Debug|Any CPU
		{5FD22794-3FF1-406E-AA52-C2A574C6C97E}.Debug|x64.ActiveCfg = Debug|Any CPU
		{5FD22794-3FF1-406E-AA52-C2A574C6C97E}.Debug|x64.Build.0 = Debug|Any CPU
		{5FD22794-3FF1-406E-AA52-C2A574C6C97E}.Debug|x86.ActiveCfg = Debug|Any CPU
		{5FD22794-3FF1-406E-AA52-C2A574C6C97E}.Release|Any CPU.ActiveCfg = Release|Any CPU
		{5FD22794-3FF1-406E-AA52-C2A574C6C97E}.Release|Any CPU.Build.0 = Release|Any CPU
		{5FD22794-3FF1-406E-AA52-C2A574C6C97E}.Release|Itanium.ActiveCfg = Release|Any CPU
		{5FD22794-3FF1-406E-AA52-C2A574C6C97E}.Release|Mixed Platforms.ActiveCfg = Release|Any CPU
		{5FD22794-3FF1-406E-AA52-C2A574C6C97E}.Release|Mixed Platforms.Build.0 = Release|Any CPU
		{5FD22794-3FF1-406E-AA52-C2A574C6C97E}.Release|Win32.ActiveCfg = Release|Any CPU
		{5FD22794-3FF1-406E-AA52-C2A574C6C97E}.Release|x64.ActiveCfg = Release|Any CPU
		{5FD22794-3FF1-406E-AA52-C2A574C6C97E}.Release|x86.ActiveCfg = Release|Any CPU
		{3DBA0CA8-521F-45D4-8DC5-1B658026331C}.Debug|Any CPU.ActiveCfg = Debug|Any CPU
		{3DBA0CA8-521F-45D4-8DC5-1B658026331C}.Debug|Any CPU.Build.0 = Debug|Any CPU
		{3DBA0CA8-521F-45D4-8DC5-1B658026331C}.Debug|Itanium.ActiveCfg = Debug|Any CPU
		{3DBA0CA8-521F-45D4-8DC5-1B658026331C}.Debug|Mixed Platforms.ActiveCfg = Debug|Any CPU
		{3DBA0CA8-521F-45D4-8DC5-1B658026331C}.Debug|Mixed Platforms.Build.0 = Debug|Any CPU
		{3DBA0CA8-521F-45D4-8DC5-1B658026331C}.Debug|Win32.ActiveCfg = Debug|Any CPU
		{3DBA0CA8-521F-45D4-8DC5-1B658026331C}.Debug|x64.ActiveCfg = Debug|Any CPU
		{3DBA0CA8-521F-45D4-8DC5-1B658026331C}.Debug|x64.Build.0 = Debug|Any CPU
		{3DBA0CA8-521F-45D4-8DC5-1B658026331C}.Debug|x86.ActiveCfg = Debug|Any CPU
		{3DBA0CA8-521F-45D4-8DC5-1B658026331C}.Release|Any CPU.ActiveCfg = Release|Any CPU
		{3DBA0CA8-521F-45D4-8DC5-1B658026331C}.Release|Any CPU.Build.0 = Release|Any CPU
		{3DBA0CA8-521F-45D4-8DC5-1B658026331C}.Release|Itanium.ActiveCfg = Release|Any CPU
		{3DBA0CA8-521F-45D4-8DC5-1B658026331C}.Release|Mixed Platforms.ActiveCfg = Release|Any CPU
		{3DBA0CA8-521F-45D4-8DC5-1B658026331C}.Release|Mixed Platforms.Build.0 = Release|Any CPU
		{3DBA0CA8-521F-45D4-8DC5-1B658026331C}.Release|Win32.ActiveCfg = Release|Any CPU
		{3DBA0CA8-521F-45D4-8DC5-1B658026331C}.Release|x64.ActiveCfg = Release|Any CPU
		{3DBA0CA8-521F-45D4-8DC5-1B658026331C}.Release|x86.ActiveCfg = Release|Any CPU
		{E3D4ADDB-B8ED-42B1-9831-6A360775FCA7}.Debug|Any CPU.ActiveCfg = Debug|Any CPU
		{E3D4ADDB-B8ED-42B1-9831-6A360775FCA7}.Debug|Any CPU.Build.0 = Debug|Any CPU
		{E3D4ADDB-B8ED-42B1-9831-6A360775FCA7}.Debug|Itanium.ActiveCfg = Debug|Any CPU
		{E3D4ADDB-B8ED-42B1-9831-6A360775FCA7}.Debug|Mixed Platforms.ActiveCfg = Debug|Any CPU
		{E3D4ADDB-B8ED-42B1-9831-6A360775FCA7}.Debug|Mixed Platforms.Build.0 = Debug|Any CPU
		{E3D4ADDB-B8ED-42B1-9831-6A360775FCA7}.Debug|Win32.ActiveCfg = Debug|Any CPU
		{E3D4ADDB-B8ED-42B1-9831-6A360775FCA7}.Debug|x64.ActiveCfg = Debug|Any CPU
		{E3D4ADDB-B8ED-42B1-9831-6A360775FCA7}.Debug|x64.Build.0 = Debug|Any CPU
		{E3D4ADDB-B8ED-42B1-9831-6A360775FCA7}.Debug|x86.ActiveCfg = Debug|Any CPU
		{E3D4ADDB-B8ED-42B1-9831-6A360775FCA7}.Release|Any CPU.ActiveCfg = Release|Any CPU
		{E3D4ADDB-B8ED-42B1-9831-6A360775FCA7}.Release|Any CPU.Build.0 = Release|Any CPU
		{E3D4ADDB-B8ED-42B1-9831-6A360775FCA7}.Release|Itanium.ActiveCfg = Release|Any CPU
		{E3D4ADDB-B8ED-42B1-9831-6A360775FCA7}.Release|Mixed Platforms.ActiveCfg = Release|Any CPU
		{E3D4ADDB-B8ED-42B1-9831-6A360775FCA7}.Release|Mixed Platforms.Build.0 = Release|Any CPU
		{E3D4ADDB-B8ED-42B1-9831-6A360775FCA7}.Release|Win32.ActiveCfg = Release|Any CPU
		{E3D4ADDB-B8ED-42B1-9831-6A360775FCA7}.Release|x64.ActiveCfg = Release|Any CPU
		{E3D4ADDB-B8ED-42B1-9831-6A360775FCA7}.Release|x86.ActiveCfg = Release|Any CPU
		{30566603-233C-4067-93C3-9DE2EC5934A3}.Debug|Any CPU.ActiveCfg = Debug|Any CPU
		{30566603-233C-4067-93C3-9DE2EC5934A3}.Debug|Any CPU.Build.0 = Debug|Any CPU
		{30566603-233C-4067-93C3-9DE2EC5934A3}.Debug|Itanium.ActiveCfg = Debug|Any CPU
		{30566603-233C-4067-93C3-9DE2EC5934A3}.Debug|Mixed Platforms.ActiveCfg = Debug|Any CPU
		{30566603-233C-4067-93C3-9DE2EC5934A3}.Debug|Mixed Platforms.Build.0 = Debug|Any CPU
		{30566603-233C-4067-93C3-9DE2EC5934A3}.Debug|Win32.ActiveCfg = Debug|Any CPU
		{30566603-233C-4067-93C3-9DE2EC5934A3}.Debug|x64.ActiveCfg = Debug|Any CPU
		{30566603-233C-4067-93C3-9DE2EC5934A3}.Debug|x64.Build.0 = Debug|Any CPU
		{30566603-233C-4067-93C3-9DE2EC5934A3}.Debug|x86.ActiveCfg = Debug|Any CPU
		{30566603-233C-4067-93C3-9DE2EC5934A3}.Release|Any CPU.ActiveCfg = Release|Any CPU
		{30566603-233C-4067-93C3-9DE2EC5934A3}.Release|Any CPU.Build.0 = Release|Any CPU
		{30566603-233C-4067-93C3-9DE2EC5934A3}.Release|Itanium.ActiveCfg = Release|Any CPU
		{30566603-233C-4067-93C3-9DE2EC5934A3}.Release|Mixed Platforms.ActiveCfg = Release|Any CPU
		{30566603-233C-4067-93C3-9DE2EC5934A3}.Release|Mixed Platforms.Build.0 = Release|Any CPU
		{30566603-233C-4067-93C3-9DE2EC5934A3}.Release|Win32.ActiveCfg = Release|Any CPU
		{30566603-233C-4067-93C3-9DE2EC5934A3}.Release|x64.ActiveCfg = Release|Any CPU
		{30566603-233C-4067-93C3-9DE2EC5934A3}.Release|x86.ActiveCfg = Release|Any CPU
		{877819E3-B5EE-4592-BCB0-5A113D3EC9A7}.Debug|Any CPU.ActiveCfg = Debug|Any CPU
		{877819E3-B5EE-4592-BCB0-5A113D3EC9A7}.Debug|Any CPU.Build.0 = Debug|Any CPU
		{877819E3-B5EE-4592-BCB0-5A113D3EC9A7}.Debug|Itanium.ActiveCfg = Debug|Any CPU
		{877819E3-B5EE-4592-BCB0-5A113D3EC9A7}.Debug|Mixed Platforms.ActiveCfg = Debug|Any CPU
		{877819E3-B5EE-4592-BCB0-5A113D3EC9A7}.Debug|Mixed Platforms.Build.0 = Debug|Any CPU
		{877819E3-B5EE-4592-BCB0-5A113D3EC9A7}.Debug|Win32.ActiveCfg = Debug|Any CPU
		{877819E3-B5EE-4592-BCB0-5A113D3EC9A7}.Debug|x64.ActiveCfg = Debug|Any CPU
		{877819E3-B5EE-4592-BCB0-5A113D3EC9A7}.Debug|x64.Build.0 = Debug|Any CPU
		{877819E3-B5EE-4592-BCB0-5A113D3EC9A7}.Debug|x86.ActiveCfg = Debug|Any CPU
		{877819E3-B5EE-4592-BCB0-5A113D3EC9A7}.Release|Any CPU.ActiveCfg = Release|Any CPU
		{877819E3-B5EE-4592-BCB0-5A113D3EC9A7}.Release|Any CPU.Build.0 = Release|Any CPU
		{877819E3-B5EE-4592-BCB0-5A113D3EC9A7}.Release|Itanium.ActiveCfg = Release|Any CPU
		{877819E3-B5EE-4592-BCB0-5A113D3EC9A7}.Release|Mixed Platforms.ActiveCfg = Release|Any CPU
		{877819E3-B5EE-4592-BCB0-5A113D3EC9A7}.Release|Mixed Platforms.Build.0 = Release|Any CPU
		{877819E3-B5EE-4592-BCB0-5A113D3EC9A7}.Release|Win32.ActiveCfg = Release|Any CPU
		{877819E3-B5EE-4592-BCB0-5A113D3EC9A7}.Release|x64.ActiveCfg = Release|Any CPU
		{877819E3-B5EE-4592-BCB0-5A113D3EC9A7}.Release|x86.ActiveCfg = Release|Any CPU
		{A02BC704-C607-4E2C-92C7-9E575E80709C}.Debug|Any CPU.ActiveCfg = Debug|Any CPU
		{A02BC704-C607-4E2C-92C7-9E575E80709C}.Debug|Any CPU.Build.0 = Debug|Any CPU
		{A02BC704-C607-4E2C-92C7-9E575E80709C}.Debug|Itanium.ActiveCfg = Debug|Any CPU
		{A02BC704-C607-4E2C-92C7-9E575E80709C}.Debug|Mixed Platforms.ActiveCfg = Debug|Any CPU
		{A02BC704-C607-4E2C-92C7-9E575E80709C}.Debug|Mixed Platforms.Build.0 = Debug|Any CPU
		{A02BC704-C607-4E2C-92C7-9E575E80709C}.Debug|Win32.ActiveCfg = Debug|Any CPU
		{A02BC704-C607-4E2C-92C7-9E575E80709C}.Debug|x64.ActiveCfg = Debug|Any CPU
		{A02BC704-C607-4E2C-92C7-9E575E80709C}.Debug|x86.ActiveCfg = Debug|Any CPU
		{A02BC704-C607-4E2C-92C7-9E575E80709C}.Release|Any CPU.ActiveCfg = Release|Any CPU
		{A02BC704-C607-4E2C-92C7-9E575E80709C}.Release|Any CPU.Build.0 = Release|Any CPU
		{A02BC704-C607-4E2C-92C7-9E575E80709C}.Release|Itanium.ActiveCfg = Release|Any CPU
		{A02BC704-C607-4E2C-92C7-9E575E80709C}.Release|Mixed Platforms.ActiveCfg = Release|Any CPU
		{A02BC704-C607-4E2C-92C7-9E575E80709C}.Release|Mixed Platforms.Build.0 = Release|Any CPU
		{A02BC704-C607-4E2C-92C7-9E575E80709C}.Release|Win32.ActiveCfg = Release|Any CPU
		{A02BC704-C607-4E2C-92C7-9E575E80709C}.Release|x64.ActiveCfg = Release|Any CPU
		{A02BC704-C607-4E2C-92C7-9E575E80709C}.Release|x86.ActiveCfg = Release|Any CPU
		{2A7FC31F-CA6D-400C-B56D-657535DE85C3}.Debug|Any CPU.ActiveCfg = Debug|Any CPU
		{2A7FC31F-CA6D-400C-B56D-657535DE85C3}.Debug|Any CPU.Build.0 = Debug|Any CPU
		{2A7FC31F-CA6D-400C-B56D-657535DE85C3}.Debug|Itanium.ActiveCfg = Debug|Any CPU
		{2A7FC31F-CA6D-400C-B56D-657535DE85C3}.Debug|Mixed Platforms.ActiveCfg = Debug|Any CPU
		{2A7FC31F-CA6D-400C-B56D-657535DE85C3}.Debug|Mixed Platforms.Build.0 = Debug|Any CPU
		{2A7FC31F-CA6D-400C-B56D-657535DE85C3}.Debug|Win32.ActiveCfg = Debug|Any CPU
		{2A7FC31F-CA6D-400C-B56D-657535DE85C3}.Debug|x64.ActiveCfg = Debug|Any CPU
		{2A7FC31F-CA6D-400C-B56D-657535DE85C3}.Debug|x86.ActiveCfg = Debug|Any CPU
		{2A7FC31F-CA6D-400C-B56D-657535DE85C3}.Release|Any CPU.ActiveCfg = Release|Any CPU
		{2A7FC31F-CA6D-400C-B56D-657535DE85C3}.Release|Any CPU.Build.0 = Release|Any CPU
		{2A7FC31F-CA6D-400C-B56D-657535DE85C3}.Release|Itanium.ActiveCfg = Release|Any CPU
		{2A7FC31F-CA6D-400C-B56D-657535DE85C3}.Release|Mixed Platforms.ActiveCfg = Release|Any CPU
		{2A7FC31F-CA6D-400C-B56D-657535DE85C3}.Release|Mixed Platforms.Build.0 = Release|Any CPU
		{2A7FC31F-CA6D-400C-B56D-657535DE85C3}.Release|Win32.ActiveCfg = Release|Any CPU
		{2A7FC31F-CA6D-400C-B56D-657535DE85C3}.Release|x64.ActiveCfg = Release|Any CPU
		{2A7FC31F-CA6D-400C-B56D-657535DE85C3}.Release|x86.ActiveCfg = Release|Any CPU
		{45C7B40F-25FF-499E-90AE-C22DB5990FBD}.Debug|Any CPU.ActiveCfg = Debug|Any CPU
		{45C7B40F-25FF-499E-90AE-C22DB5990FBD}.Debug|Any CPU.Build.0 = Debug|Any CPU
		{45C7B40F-25FF-499E-90AE-C22DB5990FBD}.Debug|Itanium.ActiveCfg = Debug|Any CPU
		{45C7B40F-25FF-499E-90AE-C22DB5990FBD}.Debug|Mixed Platforms.ActiveCfg = Debug|Any CPU
		{45C7B40F-25FF-499E-90AE-C22DB5990FBD}.Debug|Mixed Platforms.Build.0 = Debug|Any CPU
		{45C7B40F-25FF-499E-90AE-C22DB5990FBD}.Debug|Win32.ActiveCfg = Debug|Any CPU
		{45C7B40F-25FF-499E-90AE-C22DB5990FBD}.Debug|x64.ActiveCfg = Debug|Any CPU
		{45C7B40F-25FF-499E-90AE-C22DB5990FBD}.Debug|x86.ActiveCfg = Debug|Any CPU
		{45C7B40F-25FF-499E-90AE-C22DB5990FBD}.Release|Any CPU.ActiveCfg = Release|Any CPU
		{45C7B40F-25FF-499E-90AE-C22DB5990FBD}.Release|Any CPU.Build.0 = Release|Any CPU
		{45C7B40F-25FF-499E-90AE-C22DB5990FBD}.Release|Itanium.ActiveCfg = Release|Any CPU
		{45C7B40F-25FF-499E-90AE-C22DB5990FBD}.Release|Mixed Platforms.ActiveCfg = Release|Any CPU
		{45C7B40F-25FF-499E-90AE-C22DB5990FBD}.Release|Mixed Platforms.Build.0 = Release|Any CPU
		{45C7B40F-25FF-499E-90AE-C22DB5990FBD}.Release|Win32.ActiveCfg = Release|Any CPU
		{45C7B40F-25FF-499E-90AE-C22DB5990FBD}.Release|x64.ActiveCfg = Release|Any CPU
		{45C7B40F-25FF-499E-90AE-C22DB5990FBD}.Release|x86.ActiveCfg = Release|Any CPU
		{FAC83EB7-75C5-4B92-A9F5-3FC8D24FCEC8}.Debug|Any CPU.ActiveCfg = Debug|x64
		{FAC83EB7-75C5-4B92-A9F5-3FC8D24FCEC8}.Debug|Itanium.ActiveCfg = Debug|Win32
		{FAC83EB7-75C5-4B92-A9F5-3FC8D24FCEC8}.Debug|Mixed Platforms.ActiveCfg = Debug|x64
		{FAC83EB7-75C5-4B92-A9F5-3FC8D24FCEC8}.Debug|Win32.ActiveCfg = Debug|Win32
		{FAC83EB7-75C5-4B92-A9F5-3FC8D24FCEC8}.Debug|Win32.Build.0 = Debug|Win32
		{FAC83EB7-75C5-4B92-A9F5-3FC8D24FCEC8}.Debug|x64.ActiveCfg = Debug|x64
		{FAC83EB7-75C5-4B92-A9F5-3FC8D24FCEC8}.Debug|x64.Build.0 = Debug|x64
		{FAC83EB7-75C5-4B92-A9F5-3FC8D24FCEC8}.Debug|x86.ActiveCfg = Debug|x64
		{FAC83EB7-75C5-4B92-A9F5-3FC8D24FCEC8}.Release|Any CPU.ActiveCfg = Release|x64
		{FAC83EB7-75C5-4B92-A9F5-3FC8D24FCEC8}.Release|Itanium.ActiveCfg = Release|Win32
		{FAC83EB7-75C5-4B92-A9F5-3FC8D24FCEC8}.Release|Mixed Platforms.ActiveCfg = Release|x64
		{FAC83EB7-75C5-4B92-A9F5-3FC8D24FCEC8}.Release|Mixed Platforms.Build.0 = Release|x64
		{FAC83EB7-75C5-4B92-A9F5-3FC8D24FCEC8}.Release|Win32.ActiveCfg = Release|Win32
		{FAC83EB7-75C5-4B92-A9F5-3FC8D24FCEC8}.Release|Win32.Build.0 = Release|Win32
		{FAC83EB7-75C5-4B92-A9F5-3FC8D24FCEC8}.Release|x64.ActiveCfg = Release|x64
		{FAC83EB7-75C5-4B92-A9F5-3FC8D24FCEC8}.Release|x64.Build.0 = Release|x64
		{FAC83EB7-75C5-4B92-A9F5-3FC8D24FCEC8}.Release|x86.ActiveCfg = Release|x64
		{286C9DD0-0B74-47BE-8531-D1F18B2B43AB}.Debug|Any CPU.ActiveCfg = Debug|Any CPU
		{286C9DD0-0B74-47BE-8531-D1F18B2B43AB}.Debug|Any CPU.Build.0 = Debug|Any CPU
		{286C9DD0-0B74-47BE-8531-D1F18B2B43AB}.Debug|Itanium.ActiveCfg = Debug|Any CPU
		{286C9DD0-0B74-47BE-8531-D1F18B2B43AB}.Debug|Mixed Platforms.ActiveCfg = Debug|Any CPU
		{286C9DD0-0B74-47BE-8531-D1F18B2B43AB}.Debug|Mixed Platforms.Build.0 = Debug|Any CPU
		{286C9DD0-0B74-47BE-8531-D1F18B2B43AB}.Debug|Win32.ActiveCfg = Debug|Any CPU
		{286C9DD0-0B74-47BE-8531-D1F18B2B43AB}.Debug|x64.ActiveCfg = Debug|Any CPU
		{286C9DD0-0B74-47BE-8531-D1F18B2B43AB}.Debug|x86.ActiveCfg = Debug|Any CPU
		{286C9DD0-0B74-47BE-8531-D1F18B2B43AB}.Release|Any CPU.ActiveCfg = Release|Any CPU
		{286C9DD0-0B74-47BE-8531-D1F18B2B43AB}.Release|Any CPU.Build.0 = Release|Any CPU
		{286C9DD0-0B74-47BE-8531-D1F18B2B43AB}.Release|Itanium.ActiveCfg = Release|Any CPU
		{286C9DD0-0B74-47BE-8531-D1F18B2B43AB}.Release|Mixed Platforms.ActiveCfg = Release|Any CPU
		{286C9DD0-0B74-47BE-8531-D1F18B2B43AB}.Release|Mixed Platforms.Build.0 = Release|Any CPU
		{286C9DD0-0B74-47BE-8531-D1F18B2B43AB}.Release|Win32.ActiveCfg = Release|Any CPU
		{286C9DD0-0B74-47BE-8531-D1F18B2B43AB}.Release|x64.ActiveCfg = Release|Any CPU
		{286C9DD0-0B74-47BE-8531-D1F18B2B43AB}.Release|x86.ActiveCfg = Release|Any CPU
		{B45FB8BD-2BF6-4EE3-BF84-3EBA3A8AE943}.Debug|Any CPU.ActiveCfg = Debug|Any CPU
		{B45FB8BD-2BF6-4EE3-BF84-3EBA3A8AE943}.Debug|Any CPU.Build.0 = Debug|Any CPU
		{B45FB8BD-2BF6-4EE3-BF84-3EBA3A8AE943}.Debug|Itanium.ActiveCfg = Debug|Any CPU
		{B45FB8BD-2BF6-4EE3-BF84-3EBA3A8AE943}.Debug|Mixed Platforms.ActiveCfg = Debug|Any CPU
		{B45FB8BD-2BF6-4EE3-BF84-3EBA3A8AE943}.Debug|Mixed Platforms.Build.0 = Debug|Any CPU
		{B45FB8BD-2BF6-4EE3-BF84-3EBA3A8AE943}.Debug|Win32.ActiveCfg = Debug|Any CPU
		{B45FB8BD-2BF6-4EE3-BF84-3EBA3A8AE943}.Debug|x64.ActiveCfg = Debug|Any CPU
		{B45FB8BD-2BF6-4EE3-BF84-3EBA3A8AE943}.Debug|x86.ActiveCfg = Debug|Any CPU
		{B45FB8BD-2BF6-4EE3-BF84-3EBA3A8AE943}.Release|Any CPU.ActiveCfg = Release|Any CPU
		{B45FB8BD-2BF6-4EE3-BF84-3EBA3A8AE943}.Release|Any CPU.Build.0 = Release|Any CPU
		{B45FB8BD-2BF6-4EE3-BF84-3EBA3A8AE943}.Release|Itanium.ActiveCfg = Release|Any CPU
		{B45FB8BD-2BF6-4EE3-BF84-3EBA3A8AE943}.Release|Mixed Platforms.ActiveCfg = Release|Any CPU
		{B45FB8BD-2BF6-4EE3-BF84-3EBA3A8AE943}.Release|Mixed Platforms.Build.0 = Release|Any CPU
		{B45FB8BD-2BF6-4EE3-BF84-3EBA3A8AE943}.Release|Win32.ActiveCfg = Release|Any CPU
		{B45FB8BD-2BF6-4EE3-BF84-3EBA3A8AE943}.Release|x64.ActiveCfg = Release|Any CPU
		{B45FB8BD-2BF6-4EE3-BF84-3EBA3A8AE943}.Release|x86.ActiveCfg = Release|Any CPU
		{7405CB2C-31B8-4642-8F02-B092FF9DA05C}.Debug|Any CPU.ActiveCfg = Debug|x86
		{7405CB2C-31B8-4642-8F02-B092FF9DA05C}.Debug|Itanium.ActiveCfg = Debug|x86
		{7405CB2C-31B8-4642-8F02-B092FF9DA05C}.Debug|Mixed Platforms.ActiveCfg = Debug|x86
		{7405CB2C-31B8-4642-8F02-B092FF9DA05C}.Debug|Mixed Platforms.Build.0 = Debug|x86
		{7405CB2C-31B8-4642-8F02-B092FF9DA05C}.Debug|Win32.ActiveCfg = Debug|x86
		{7405CB2C-31B8-4642-8F02-B092FF9DA05C}.Debug|x64.ActiveCfg = Debug|x86
		{7405CB2C-31B8-4642-8F02-B092FF9DA05C}.Debug|x86.ActiveCfg = Debug|x86
		{7405CB2C-31B8-4642-8F02-B092FF9DA05C}.Debug|x86.Build.0 = Debug|x86
		{7405CB2C-31B8-4642-8F02-B092FF9DA05C}.Release|Any CPU.ActiveCfg = Release|x86
		{7405CB2C-31B8-4642-8F02-B092FF9DA05C}.Release|Itanium.ActiveCfg = Release|x86
		{7405CB2C-31B8-4642-8F02-B092FF9DA05C}.Release|Mixed Platforms.ActiveCfg = Release|x86
		{7405CB2C-31B8-4642-8F02-B092FF9DA05C}.Release|Mixed Platforms.Build.0 = Release|x86
		{7405CB2C-31B8-4642-8F02-B092FF9DA05C}.Release|Win32.ActiveCfg = Release|x86
		{7405CB2C-31B8-4642-8F02-B092FF9DA05C}.Release|x64.ActiveCfg = Release|x86
		{7405CB2C-31B8-4642-8F02-B092FF9DA05C}.Release|x86.ActiveCfg = Release|x86
		{7405CB2C-31B8-4642-8F02-B092FF9DA05C}.Release|x86.Build.0 = Release|x86
		{0051D7ED-DE72-46D3-AE44-97D566B1CA5A}.Debug|Any CPU.ActiveCfg = Debug|Any CPU
		{0051D7ED-DE72-46D3-AE44-97D566B1CA5A}.Debug|Any CPU.Build.0 = Debug|Any CPU
		{0051D7ED-DE72-46D3-AE44-97D566B1CA5A}.Debug|Itanium.ActiveCfg = Debug|Any CPU
		{0051D7ED-DE72-46D3-AE44-97D566B1CA5A}.Debug|Mixed Platforms.ActiveCfg = Debug|Any CPU
		{0051D7ED-DE72-46D3-AE44-97D566B1CA5A}.Debug|Mixed Platforms.Build.0 = Debug|Any CPU
		{0051D7ED-DE72-46D3-AE44-97D566B1CA5A}.Debug|Win32.ActiveCfg = Debug|Any CPU
		{0051D7ED-DE72-46D3-AE44-97D566B1CA5A}.Debug|x64.ActiveCfg = Debug|Any CPU
		{0051D7ED-DE72-46D3-AE44-97D566B1CA5A}.Debug|x86.ActiveCfg = Debug|Any CPU
		{0051D7ED-DE72-46D3-AE44-97D566B1CA5A}.Release|Any CPU.ActiveCfg = Release|Any CPU
		{0051D7ED-DE72-46D3-AE44-97D566B1CA5A}.Release|Any CPU.Build.0 = Release|Any CPU
		{0051D7ED-DE72-46D3-AE44-97D566B1CA5A}.Release|Itanium.ActiveCfg = Release|Any CPU
		{0051D7ED-DE72-46D3-AE44-97D566B1CA5A}.Release|Mixed Platforms.ActiveCfg = Release|Any CPU
		{0051D7ED-DE72-46D3-AE44-97D566B1CA5A}.Release|Mixed Platforms.Build.0 = Release|Any CPU
		{0051D7ED-DE72-46D3-AE44-97D566B1CA5A}.Release|Win32.ActiveCfg = Release|Any CPU
		{0051D7ED-DE72-46D3-AE44-97D566B1CA5A}.Release|x64.ActiveCfg = Release|Any CPU
		{0051D7ED-DE72-46D3-AE44-97D566B1CA5A}.Release|x86.ActiveCfg = Release|Any CPU
		{1A30F64D-06C7-4497-8E91-8A9A7BE377CE}.Debug|Any CPU.ActiveCfg = Debug|Any CPU
		{1A30F64D-06C7-4497-8E91-8A9A7BE377CE}.Debug|Any CPU.Build.0 = Debug|Any CPU
		{1A30F64D-06C7-4497-8E91-8A9A7BE377CE}.Debug|Itanium.ActiveCfg = Debug|Any CPU
		{1A30F64D-06C7-4497-8E91-8A9A7BE377CE}.Debug|Mixed Platforms.ActiveCfg = Debug|Any CPU
		{1A30F64D-06C7-4497-8E91-8A9A7BE377CE}.Debug|Mixed Platforms.Build.0 = Debug|Any CPU
		{1A30F64D-06C7-4497-8E91-8A9A7BE377CE}.Debug|Win32.ActiveCfg = Debug|Any CPU
		{1A30F64D-06C7-4497-8E91-8A9A7BE377CE}.Debug|x64.ActiveCfg = Debug|Any CPU
		{1A30F64D-06C7-4497-8E91-8A9A7BE377CE}.Debug|x64.Build.0 = Debug|Any CPU
		{1A30F64D-06C7-4497-8E91-8A9A7BE377CE}.Debug|x86.ActiveCfg = Debug|Any CPU
		{1A30F64D-06C7-4497-8E91-8A9A7BE377CE}.Release|Any CPU.ActiveCfg = Release|Any CPU
		{1A30F64D-06C7-4497-8E91-8A9A7BE377CE}.Release|Any CPU.Build.0 = Release|Any CPU
		{1A30F64D-06C7-4497-8E91-8A9A7BE377CE}.Release|Itanium.ActiveCfg = Release|Any CPU
		{1A30F64D-06C7-4497-8E91-8A9A7BE377CE}.Release|Mixed Platforms.ActiveCfg = Release|Any CPU
		{1A30F64D-06C7-4497-8E91-8A9A7BE377CE}.Release|Mixed Platforms.Build.0 = Release|Any CPU
		{1A30F64D-06C7-4497-8E91-8A9A7BE377CE}.Release|Win32.ActiveCfg = Release|Any CPU
		{1A30F64D-06C7-4497-8E91-8A9A7BE377CE}.Release|x64.ActiveCfg = Release|Any CPU
		{1A30F64D-06C7-4497-8E91-8A9A7BE377CE}.Release|x86.ActiveCfg = Release|Any CPU
	EndGlobalSection
	GlobalSection(SolutionProperties) = preSolution
		HideSolutionNode = FALSE
	EndGlobalSection
	GlobalSection(ExtensibilityGlobals) = postSolution
		SolutionGuid = {A252C88B-479C-4F52-8091-8EDF440BCF63}
	EndGlobalSection
EndGlobal
