
Microsoft Visual Studio Solution File, Format Version 9.00
# Visual Studio 2005
Project("{FAE04EC0-301F-11D3-BF4B-00C04F79EFBC}") = "Idera.SQLdm.Utilities", "Idera\SQLdm\Utilities\Idera.SQLdm.Utilities.csproj", "{00C0D5E6-7628-404C-8373-DC19E3A633DD}"
EndProject
Global
	GlobalSection(SolutionConfigurationPlatforms) = preSolution
		Debug|Any CPU = Debug|Any CPU
		Release|Any CPU = Release|Any CPU
	EndGlobalSection
	GlobalSection(ProjectConfigurationPlatforms) = postSolution
		{00C0D5E6-7628-404C-8373-DC19E3A633DD}.Debug|Any CPU.ActiveCfg = Debug|Any CPU
		{00C0D5E6-7628-404C-8373-DC19E3A633DD}.Debug|Any CPU.Build.0 = Debug|Any CPU
		{00C0D5E6-7628-404C-8373-DC19E3A633DD}.Release|Any CPU.ActiveCfg = Release|Any CPU
		{00C0D5E6-7628-404C-8373-DC19E3A633DD}.Release|Any CPU.Build.0 = Release|Any CPU
	EndGlobalSection
	GlobalSection(SolutionProperties) = preSolution
		HideSolutionNode = FALSE
	EndGlobalSection
EndGlobal
